{
  "version": 4,
  "terraform_version": "1.6.6",
  "serial": 29,
  "lineage": "504e701b-9e5c-9b14-e43a-4703df9e0bde",
  "outputs": {},
  "resources": [
    {
      "mode": "managed",
      "type": "newrelic_one_dashboard",
      "name": "task_terr_dash",
      "provider": "provider[\"registry.terraform.io/newrelic/newrelic\"]",
      "instances": [
        {
          "index_key": 0,
          "schema_version": 0,
          "attributes": {
            "account_id": 4399529,
            "description": null,
            "guid": "NDM5OTUyOXxWSVp8REFTSEJPQVJEfGRhOjU3OTcyNDk",
            "id": "NDM5OTUyOXxWSVp8REFTSEJPQVJEfGRhOjU3OTcyNDk",
            "name": "rakesh-dashboard_01",
            "page": [
              {
                "description": "",
                "guid": "NDM5OTUyOXxWSVp8REFTSEJPQVJEfDE2NzA3Mjc0",
                "name": "task-module",
                "widget_area": [],
                "widget_bar": [
                  {
                    "colors": [],
                    "column": 9,
                    "facet_show_other_series": false,
                    "filter_current_dashboard": false,
                    "height": 3,
                    "id": "236966094",
                    "ignore_time_range": false,
                    "legend_enabled": true,
                    "linked_entity_guids": [],
                    "nrql_query": [
                      {
                        "account_id": 4399529,
                        "query": "SELECT count(*) FROM InfrastructureEvent FACET agentVersion,deltaId,fullHostname,agentName"
                      }
                    ],
                    "null_values": [],
                    "row": 1,
                    "title": "3",
                    "units": [],
                    "width": 4,
                    "y_axis_left_max": 0,
                    "y_axis_left_min": 0
                  },
                  {
                    "colors": [],
                    "column": 5,
                    "facet_show_other_series": false,
                    "filter_current_dashboard": false,
                    "height": 3,
                    "id": "236966097",
                    "ignore_time_range": false,
                    "legend_enabled": true,
                    "linked_entity_guids": [],
                    "nrql_query": [
                      {
                        "account_id": 4399529,
                        "query": "SELECT average(duration) FROM Transaction WHERE transactionType = 'Web'"
                      }
                    ],
                    "null_values": [],
                    "row": 2,
                    "title": "5",
                    "units": [],
                    "width": 8,
                    "y_axis_left_max": 0,
                    "y_axis_left_min": 0
                  },
                  {
                    "colors": [],
                    "column": 5,
                    "facet_show_other_series": false,
                    "filter_current_dashboard": false,
                    "height": 3,
                    "id": "236966096",
                    "ignore_time_range": false,
                    "legend_enabled": true,
                    "linked_entity_guids": [],
                    "nrql_query": [
                      {
                        "account_id": 4399529,
                        "query": "SELECT average(duration) FROM Transaction WHERE transactionType = 'Web'"
                      }
                    ],
                    "null_values": [],
                    "row": 3,
                    "title": "6",
                    "units": [],
                    "width": 8,
                    "y_axis_left_max": 0,
                    "y_axis_left_min": 0
                  },
                  {
                    "colors": [],
                    "column": 5,
                    "facet_show_other_series": false,
                    "filter_current_dashboard": false,
                    "height": 3,
                    "id": "236966095",
                    "ignore_time_range": false,
                    "legend_enabled": true,
                    "linked_entity_guids": [],
                    "nrql_query": [
                      {
                        "account_id": 4399529,
                        "query": "SELECT count(*) FROM InfrastructureEvent FACET agentVersion,deltaId,fullHostname,agentName"
                      }
                    ],
                    "null_values": [],
                    "row": 3,
                    "title": "9",
                    "units": [],
                    "width": 8,
                    "y_axis_left_max": 0,
                    "y_axis_left_min": 0
                  }
                ],
                "widget_billboard": [],
                "widget_bullet": [],
                "widget_funnel": [],
                "widget_heatmap": [],
                "widget_histogram": [],
                "widget_json": [],
                "widget_line": [],
                "widget_log_table": [],
                "widget_markdown": [],
                "widget_pie": [
                  {
                    "colors": [],
                    "column": 1,
                    "facet_show_other_series": false,
                    "filter_current_dashboard": false,
                    "height": 3,
                    "id": "236966099",
                    "ignore_time_range": false,
                    "legend_enabled": true,
                    "linked_entity_guids": [],
                    "nrql_query": [
                      {
                        "account_id": 4399529,
                        "query": "SELECT count(*) FROM InfrastructureEvent FACET agentVersion,deltaId,fullHostname,agentName"
                      }
                    ],
                    "null_values": [],
                    "row": 1,
                    "title": "1",
                    "units": [],
                    "width": 4,
                    "y_axis_left_max": 0,
                    "y_axis_left_min": 0
                  },
                  {
                    "colors": [],
                    "column": 5,
                    "facet_show_other_series": false,
                    "filter_current_dashboard": false,
                    "height": 3,
                    "id": "236966101",
                    "ignore_time_range": false,
                    "legend_enabled": true,
                    "linked_entity_guids": [],
                    "nrql_query": [
                      {
                        "account_id": 4399529,
                        "query": "SELECT count(*) FROM InfrastructureEvent FACET agentVersion,deltaId,fullHostname,agentName"
                      }
                    ],
                    "null_values": [],
                    "row": 1,
                    "title": "2",
                    "units": [],
                    "width": 4,
                    "y_axis_left_max": 0,
                    "y_axis_left_min": 0
                  },
                  {
                    "colors": [],
                    "column": 1,
                    "facet_show_other_series": false,
                    "filter_current_dashboard": false,
                    "height": 6,
                    "id": "236966100",
                    "ignore_time_range": false,
                    "legend_enabled": true,
                    "linked_entity_guids": [],
                    "nrql_query": [
                      {
                        "account_id": 4399529,
                        "query": "SELECT count(*) FROM InfrastructureEvent FACET agentVersion,deltaId,fullHostname,agentName"
                      }
                    ],
                    "null_values": [],
                    "row": 3,
                    "title": "9",
                    "units": [],
                    "width": 4,
                    "y_axis_left_max": 0,
                    "y_axis_left_min": 0
                  },
                  {
                    "colors": [],
                    "column": 1,
                    "facet_show_other_series": false,
                    "filter_current_dashboard": false,
                    "height": 3,
                    "id": "236966098",
                    "ignore_time_range": false,
                    "legend_enabled": true,
                    "linked_entity_guids": [],
                    "nrql_query": [
                      {
                        "account_id": 4399529,
                        "query": "SELECT average(duration) FROM Transaction WHERE transactionType = 'Web'"
                      }
                    ],
                    "null_values": [],
                    "row": 3,
                    "title": "6",
                    "units": [],
                    "width": 4,
                    "y_axis_left_max": 0,
                    "y_axis_left_min": 0
                  }
                ],
                "widget_stacked_bar": [],
                "widget_table": []
              }
            ],
            "permalink": "https://one.newrelic.com/redirect/entity/NDM5OTUyOXxWSVp8REFTSEJPQVJEfGRhOjU3OTcyNDk",
            "permissions": "public_read_only",
            "variable": []
          },
          "sensitive_attributes": [],
          "private": "bnVsbA=="
        }
      ]
    }
  ],
  "check_results": null
}
